{
    "_readme": [
        "This file locks the dependencies of your project to a known state",
        "Read more about it at https://getcomposer.org/doc/01-basic-usage.md#installing-dependencies",
        "This file is @generated automatically"
    ],
    "content-hash": "4e9d01ca178977b61453f9f7cc41ec8a",
    "packages": [
        {
            "name": "xenframe/mvc-library",
            "version": "dev-main",
            "source": {
                "type": "git",
                "url": "https://github.com/XENONMC-DEV/mvc-library.git",
                "reference": "4bc8727eb1a49d6434afe3797b07258739fee3c6"
            },
            "dist": {
                "type": "zip",
                "url": "https://api.github.com/repos/XENONMC-DEV/mvc-library/zipball/4bc8727eb1a49d6434afe3797b07258739fee3c6",
                "reference": "4bc8727eb1a49d6434afe3797b07258739fee3c6",
                "shasum": ""
            },
            "require": {
                "php": ">=7.2.0"
            },
            "default-branch": true,
            "type": "package",
            "autoload": {
                "psr-4": {
                    "xenframe\\MvcLibrary\\": "src/"
                }
            },
            "notification-url": "https://packagist.org/downloads/",
            "license": [
                "MIT"
            ],
            "authors": [
                {
                    "name": "Tibor Nagy",
                    "email": "tibornagy77@gmail.com"
                }
            ],
            "description": "My first packagist package",
            "support": {
                "issues": "https://github.com/XENONMC-DEV/mvc-library/issues",
                "source": "https://github.com/XENONMC-DEV/mvc-library/tree/main"
            },
            "time": "2021-02-18T19:47:34+00:00"
        }
    ],
    "packages-dev": [],
    "aliases": [],
    "minimum-stability": "dev",
    "stability-flags": {
        "xenframe/mvc-library": 20
    },
    "prefer-stable": false,
    "prefer-lowest": false,
    "platform": [],
    "platform-dev": [],
    "plugin-api-version": "2.0.0"
}
